
Microsoft Visual Studio Solution File, Format Version 12.00
# Visual Studio Version 17
VisualStudioVersion = 17.13.35931.197 d17.13
MinimumVisualStudioVersion = 10.0.40219.1
Project("{8BC9CEB8-8B4A-11D0-8D11-00A0C91BC942}") = "PROIECTPOOMALL2", "PROIECTPOOMALL2\PROIECTPOOMALL2.vcxproj", "{AF71685F-F394-4494-84A7-BE1AB7FE5171}"
EndProject
Global
	GlobalSection(SolutionConfigurationPlatforms) = preSolution
		Debug|x64 = Debug|x64
		Debug|x86 = Debug|x86
		Release|x64 = Release|x64
		Release|x86 = Release|x86
	EndGlobalSection
	GlobalSection(ProjectConfigurationPlatforms) = postSolution
		{AF71685F-F394-4494-84A7-BE1AB7FE5171}.Debug|x64.ActiveCfg = Debug|x64
		{AF71685F-F394-4494-84A7-BE1AB7FE5171}.Debug|x64.Build.0 = Debug|x64
		{AF71685F-F394-4494-84A7-BE1AB7FE5171}.Debug|x86.ActiveCfg = Debug|Win32
		{AF71685F-F394-4494-84A7-BE1AB7FE5171}.Debug|x86.Build.0 = Debug|Win32
		{AF71685F-F394-4494-84A7-BE1AB7FE5171}.Release|x64.ActiveCfg = Release|x64
		{AF71685F-F394-4494-84A7-BE1AB7FE5171}.Release|x64.Build.0 = Release|x64
		{AF71685F-F394-4494-84A7-BE1AB7FE5171}.Release|x86.ActiveCfg = Release|Win32
		{AF71685F-F394-4494-84A7-BE1AB7FE5171}.Release|x86.Build.0 = Release|Win32
	EndGlobalSection
	GlobalSection(SolutionProperties) = preSolution
		HideSolutionNode = FALSE
	EndGlobalSection
	GlobalSection(ExtensibilityGlobals) = postSolution
		SolutionGuid = {E2BEFB0F-A404-40D1-A362-49D94A9F9B34}
	EndGlobalSection
EndGlobal
